
Microsoft Visual Studio Solution File, Format Version 12.00
# Visual Studio Version 17
VisualStudioVersion = 17.4.33213.308
MinimumVisualStudioVersion = 10.0.40219.1
Project("{8BC9CEB8-8B4A-11D0-8D11-00A0C91BC942}") = "TrakRun", "TrakRun.vcxproj", "{F743C312-6B15-40CD-8623-B21C0F0217F1}"
EndProject
Global
	GlobalSection(SolutionConfigurationPlatforms) = preSolution
		Debug|x64 = Debug|x64
		Debug|x86 = Debug|x86
		Release|x64 = Release|x64
		Release|x86 = Release|x86
	EndGlobalSection
	GlobalSection(ProjectConfigurationPlatforms) = postSolution
		{F743C312-6B15-40CD-8623-B21C0F0217F1}.Debug|x64.ActiveCfg = Debug|x64
		{F743C312-6B15-40CD-8623-B21C0F0217F1}.Debug|x64.Build.0 = Debug|x64
		{F743C312-6B15-40CD-8623-B21C0F0217F1}.Debug|x86.ActiveCfg = Debug|Win32
		{F743C312-6B15-40CD-8623-B21C0F0217F1}.Debug|x86.Build.0 = Debug|Win32
		{F743C312-6B15-40CD-8623-B21C0F0217F1}.Release|x64.ActiveCfg = Release|x64
		{F743C312-6B15-40CD-8623-B21C0F0217F1}.Release|x64.Build.0 = Release|x64
		{F743C312-6B15-40CD-8623-B21C0F0217F1}.Release|x86.ActiveCfg = Release|Win32
		{F743C312-6B15-40CD-8623-B21C0F0217F1}.Release|x86.Build.0 = Release|Win32
	EndGlobalSection
	GlobalSection(SolutionProperties) = preSolution
		HideSolutionNode = FALSE
	EndGlobalSection
	GlobalSection(ExtensibilityGlobals) = postSolution
		SolutionGuid = {801B1039-A032-4ADC-AB29-90E8D6C6BDD5}
	EndGlobalSection
EndGlobal
